
Microsoft Visual Studio Solution File, Format Version 12.00
# Visual Studio 15
VisualStudioVersion = 15.0.26124.0
MinimumVisualStudioVersion = 15.0.26124.0
Project("{FAE04EC0-301F-11D3-BF4B-00C04F79EFBC}") = "BehaviourSpecs", "src\BehaviourSpecs\BehaviourSpecs.csproj", "{52D7EE32-2D7D-4719-896E-030631F44FFE}"
EndProject
Project("{FAE04EC0-301F-11D3-BF4B-00C04F79EFBC}") = "ChannelAdam.Commands", "src\ChannelAdam.Commands\ChannelAdam.Commands.csproj", "{9417DC45-0642-4033-B80B-62CAA9E08999}"
EndProject
Global
	GlobalSection(SolutionConfigurationPlatforms) = preSolution
		Debug|Any CPU = Debug|Any CPU
		Debug|x64 = Debug|x64
		Debug|x86 = Debug|x86
		Release|Any CPU = Release|Any CPU
		Release|x64 = Release|x64
		Release|x86 = Release|x86
	EndGlobalSection
	GlobalSection(SolutionProperties) = preSolution
		HideSolutionNode = FALSE
	EndGlobalSection
	GlobalSection(ProjectConfigurationPlatforms) = postSolution
		{52D7EE32-2D7D-4719-896E-030631F44FFE}.Debug|Any CPU.ActiveCfg = Debug|Any CPU
		{52D7EE32-2D7D-4719-896E-030631F44FFE}.Debug|Any CPU.Build.0 = Debug|Any CPU
		{52D7EE32-2D7D-4719-896E-030631F44FFE}.Debug|x64.ActiveCfg = Debug|Any CPU
		{52D7EE32-2D7D-4719-896E-030631F44FFE}.Debug|x64.Build.0 = Debug|Any CPU
		{52D7EE32-2D7D-4719-896E-030631F44FFE}.Debug|x86.ActiveCfg = Debug|Any CPU
		{52D7EE32-2D7D-4719-896E-030631F44FFE}.Debug|x86.Build.0 = Debug|Any CPU
		{52D7EE32-2D7D-4719-896E-030631F44FFE}.Release|Any CPU.ActiveCfg = Release|Any CPU
		{52D7EE32-2D7D-4719-896E-030631F44FFE}.Release|Any CPU.Build.0 = Release|Any CPU
		{52D7EE32-2D7D-4719-896E-030631F44FFE}.Release|x64.ActiveCfg = Release|Any CPU
		{52D7EE32-2D7D-4719-896E-030631F44FFE}.Release|x64.Build.0 = Release|Any CPU
		{52D7EE32-2D7D-4719-896E-030631F44FFE}.Release|x86.ActiveCfg = Release|Any CPU
		{52D7EE32-2D7D-4719-896E-030631F44FFE}.Release|x86.Build.0 = Release|Any CPU
		{9417DC45-0642-4033-B80B-62CAA9E08999}.Debug|Any CPU.ActiveCfg = Debug|Any CPU
		{9417DC45-0642-4033-B80B-62CAA9E08999}.Debug|Any CPU.Build.0 = Debug|Any CPU
		{9417DC45-0642-4033-B80B-62CAA9E08999}.Debug|x64.ActiveCfg = Debug|Any CPU
		{9417DC45-0642-4033-B80B-62CAA9E08999}.Debug|x64.Build.0 = Debug|Any CPU
		{9417DC45-0642-4033-B80B-62CAA9E08999}.Debug|x86.ActiveCfg = Debug|Any CPU
		{9417DC45-0642-4033-B80B-62CAA9E08999}.Debug|x86.Build.0 = Debug|Any CPU
		{9417DC45-0642-4033-B80B-62CAA9E08999}.Release|Any CPU.ActiveCfg = Release|Any CPU
		{9417DC45-0642-4033-B80B-62CAA9E08999}.Release|Any CPU.Build.0 = Release|Any CPU
		{9417DC45-0642-4033-B80B-62CAA9E08999}.Release|x64.ActiveCfg = Release|Any CPU
		{9417DC45-0642-4033-B80B-62CAA9E08999}.Release|x64.Build.0 = Release|Any CPU
		{9417DC45-0642-4033-B80B-62CAA9E08999}.Release|x86.ActiveCfg = Release|Any CPU
		{9417DC45-0642-4033-B80B-62CAA9E08999}.Release|x86.Build.0 = Release|Any CPU
	EndGlobalSection
EndGlobal
